
Microsoft Visual Studio Solution File, Format Version 12.00
# Visual Studio Version 17
VisualStudioVersion = 17.9.34701.34
MinimumVisualStudioVersion = 10.0.40219.1
Project("{FAE04EC0-301F-11D3-BF4B-00C04F79EFBC}") = "SmartReal", "SmartReal\SmartReal.csproj", "{A98AC8F0-3971-45EF-BF11-B8BD124175D3}"
EndProject
Global
	GlobalSection(SolutionConfigurationPlatforms) = preSolution
		Debug|Any CPU = Debug|Any CPU
		Release|Any CPU = Release|Any CPU
	EndGlobalSection
	GlobalSection(ProjectConfigurationPlatforms) = postSolution
		{A98AC8F0-3971-45EF-BF11-B8BD124175D3}.Debug|Any CPU.ActiveCfg = Debug|Any CPU
		{A98AC8F0-3971-45EF-BF11-B8BD124175D3}.Debug|Any CPU.Build.0 = Debug|Any CPU
		{A98AC8F0-3971-45EF-BF11-B8BD124175D3}.Release|Any CPU.ActiveCfg = Release|Any CPU
		{A98AC8F0-3971-45EF-BF11-B8BD124175D3}.Release|Any CPU.Build.0 = Release|Any CPU
	EndGlobalSection
	GlobalSection(SolutionProperties) = preSolution
		HideSolutionNode = FALSE
	EndGlobalSection
	GlobalSection(ExtensibilityGlobals) = postSolution
		SolutionGuid = {DA9371C6-32BB-4354-B24E-2E37C686785C}
	EndGlobalSection
EndGlobal
